
Microsoft Visual Studio Solution File, Format Version 12.00
# Visual Studio Version 16
VisualStudioVersion = 16.0.29806.167
MinimumVisualStudioVersion = 10.0.40219.1
Project("{FAE04EC0-301F-11D3-BF4B-00C04F79EFBC}") = "ReportInterface", "ReportInterface\ReportInterface.csproj", "{855F2C79-D35F-4B0B-83C8-6C79A1FBB7DA}"
EndProject
Project("{FAE04EC0-301F-11D3-BF4B-00C04F79EFBC}") = "JDTools", "JDTools\JDTools.csproj", "{E4413D5B-DD89-4887-855D-89514A95A3F2}"
EndProject
Project("{2150E333-8FDC-42A3-9474-1A3956D46DE8}") = "Tasks", "Tasks", "{1AD03FAE-B527-4322-814D-0D8834433B6C}"
EndProject
Project("{FAE04EC0-301F-11D3-BF4B-00C04F79EFBC}") = "TestReport", "TestReport\TestReport.csproj", "{3F7F6B60-9FC6-4FEF-AE4B-6C66FDFD436A}"
EndProject
Project("{FAE04EC0-301F-11D3-BF4B-00C04F79EFBC}") = "JDReportTask", "JDReportTask\JDReportTask.csproj", "{1945C19D-21D2-4F8A-9921-7930E1CFD3E1}"
EndProject
Global
	GlobalSection(SolutionConfigurationPlatforms) = preSolution
		Debug|Any CPU = Debug|Any CPU
		Release|Any CPU = Release|Any CPU
	EndGlobalSection
	GlobalSection(ProjectConfigurationPlatforms) = postSolution
		{855F2C79-D35F-4B0B-83C8-6C79A1FBB7DA}.Debug|Any CPU.ActiveCfg = Debug|Any CPU
		{855F2C79-D35F-4B0B-83C8-6C79A1FBB7DA}.Debug|Any CPU.Build.0 = Debug|Any CPU
		{855F2C79-D35F-4B0B-83C8-6C79A1FBB7DA}.Release|Any CPU.ActiveCfg = Release|Any CPU
		{855F2C79-D35F-4B0B-83C8-6C79A1FBB7DA}.Release|Any CPU.Build.0 = Release|Any CPU
		{E4413D5B-DD89-4887-855D-89514A95A3F2}.Debug|Any CPU.ActiveCfg = Debug|Any CPU
		{E4413D5B-DD89-4887-855D-89514A95A3F2}.Debug|Any CPU.Build.0 = Debug|Any CPU
		{E4413D5B-DD89-4887-855D-89514A95A3F2}.Release|Any CPU.ActiveCfg = Release|Any CPU
		{E4413D5B-DD89-4887-855D-89514A95A3F2}.Release|Any CPU.Build.0 = Release|Any CPU
		{3F7F6B60-9FC6-4FEF-AE4B-6C66FDFD436A}.Debug|Any CPU.ActiveCfg = Debug|Any CPU
		{3F7F6B60-9FC6-4FEF-AE4B-6C66FDFD436A}.Debug|Any CPU.Build.0 = Debug|Any CPU
		{3F7F6B60-9FC6-4FEF-AE4B-6C66FDFD436A}.Release|Any CPU.ActiveCfg = Release|Any CPU
		{3F7F6B60-9FC6-4FEF-AE4B-6C66FDFD436A}.Release|Any CPU.Build.0 = Release|Any CPU
		{1945C19D-21D2-4F8A-9921-7930E1CFD3E1}.Debug|Any CPU.ActiveCfg = Debug|Any CPU
		{1945C19D-21D2-4F8A-9921-7930E1CFD3E1}.Debug|Any CPU.Build.0 = Debug|Any CPU
		{1945C19D-21D2-4F8A-9921-7930E1CFD3E1}.Release|Any CPU.ActiveCfg = Release|Any CPU
		{1945C19D-21D2-4F8A-9921-7930E1CFD3E1}.Release|Any CPU.Build.0 = Release|Any CPU
	EndGlobalSection
	GlobalSection(SolutionProperties) = preSolution
		HideSolutionNode = FALSE
	EndGlobalSection
	GlobalSection(NestedProjects) = preSolution
		{3F7F6B60-9FC6-4FEF-AE4B-6C66FDFD436A} = {1AD03FAE-B527-4322-814D-0D8834433B6C}
	EndGlobalSection
	GlobalSection(ExtensibilityGlobals) = postSolution
		SolutionGuid = {64F009D9-D90D-4B15-807C-7AF666672C0B}
	EndGlobalSection
EndGlobal
